
Microsoft Visual Studio Solution File, Format Version 12.00
# Visual Studio Version 16
VisualStudioVersion = 16.0.808.6
MinimumVisualStudioVersion = 10.0.40219.1
Project("{FAE04EC0-301F-11D3-BF4B-00C04F79EFBC}") = "WaterProject", "WaterProject\WaterProject.csproj", "{937436B4-6CBD-412D-85E8-5A6F1ECABA8A}"
EndProject
Project("{E53339B2-1760-4266-BCC7-CA923CBCF16C}") = "docker-compose", "docker-compose.dcproj", "{1BA0F081-6980-49E4-A5A4-358E7AD50F82}"
EndProject
Global
	GlobalSection(SolutionConfigurationPlatforms) = preSolution
		Debug|Any CPU = Debug|Any CPU
		Release|Any CPU = Release|Any CPU
	EndGlobalSection
	GlobalSection(ProjectConfigurationPlatforms) = postSolution
		{937436B4-6CBD-412D-85E8-5A6F1ECABA8A}.Debug|Any CPU.ActiveCfg = Debug|Any CPU
		{937436B4-6CBD-412D-85E8-5A6F1ECABA8A}.Debug|Any CPU.Build.0 = Debug|Any CPU
		{937436B4-6CBD-412D-85E8-5A6F1ECABA8A}.Release|Any CPU.ActiveCfg = Release|Any CPU
		{937436B4-6CBD-412D-85E8-5A6F1ECABA8A}.Release|Any CPU.Build.0 = Release|Any CPU
		{1BA0F081-6980-49E4-A5A4-358E7AD50F82}.Debug|Any CPU.ActiveCfg = Debug|Any CPU
		{1BA0F081-6980-49E4-A5A4-358E7AD50F82}.Debug|Any CPU.Build.0 = Debug|Any CPU
		{1BA0F081-6980-49E4-A5A4-358E7AD50F82}.Release|Any CPU.ActiveCfg = Release|Any CPU
		{1BA0F081-6980-49E4-A5A4-358E7AD50F82}.Release|Any CPU.Build.0 = Release|Any CPU
	EndGlobalSection
	GlobalSection(SolutionProperties) = preSolution
		HideSolutionNode = FALSE
	EndGlobalSection
	GlobalSection(ExtensibilityGlobals) = postSolution
		SolutionGuid = {512E05D6-6D8F-492B-A414-4EBD694D0B53}
	EndGlobalSection
EndGlobal
